
Microsoft Visual Studio Solution File, Format Version 12.00
# Visual Studio 15
VisualStudioVersion = 15.0.28307.421
MinimumVisualStudioVersion = 10.0.40219.1
Project("{FAE04EC0-301F-11D3-BF4B-00C04F79EFBC}") = "StudentInformationSystem", "StudentInformationSystem\StudentInformationSystem.csproj", "{D01FF06E-E86B-4A9D-9915-D9CDB699ABBA}"
EndProject
Project("{FAE04EC0-301F-11D3-BF4B-00C04F79EFBC}") = "StudentInformationSystem.Model", "StudentInformationSystem.Model\StudentInformationSystem.Model.csproj", "{36AD9DA9-3E2D-4F4C-AE7D-3889DD862041}"
EndProject
Global
	GlobalSection(SolutionConfigurationPlatforms) = preSolution
		Debug|Any CPU = Debug|Any CPU
		Release|Any CPU = Release|Any CPU
	EndGlobalSection
	GlobalSection(ProjectConfigurationPlatforms) = postSolution
		{D01FF06E-E86B-4A9D-9915-D9CDB699ABBA}.Debug|Any CPU.ActiveCfg = Debug|Any CPU
		{D01FF06E-E86B-4A9D-9915-D9CDB699ABBA}.Debug|Any CPU.Build.0 = Debug|Any CPU
		{D01FF06E-E86B-4A9D-9915-D9CDB699ABBA}.Release|Any CPU.ActiveCfg = Release|Any CPU
		{D01FF06E-E86B-4A9D-9915-D9CDB699ABBA}.Release|Any CPU.Build.0 = Release|Any CPU
		{36AD9DA9-3E2D-4F4C-AE7D-3889DD862041}.Debug|Any CPU.ActiveCfg = Debug|Any CPU
		{36AD9DA9-3E2D-4F4C-AE7D-3889DD862041}.Debug|Any CPU.Build.0 = Debug|Any CPU
		{36AD9DA9-3E2D-4F4C-AE7D-3889DD862041}.Release|Any CPU.ActiveCfg = Release|Any CPU
		{36AD9DA9-3E2D-4F4C-AE7D-3889DD862041}.Release|Any CPU.Build.0 = Release|Any CPU
	EndGlobalSection
	GlobalSection(SolutionProperties) = preSolution
		HideSolutionNode = FALSE
	EndGlobalSection
	GlobalSection(ExtensibilityGlobals) = postSolution
		SolutionGuid = {6A2643B7-F801-4898-A256-2B64CFDBDBB3}
	EndGlobalSection
EndGlobal
